// !$*UTF8*$!
{
	archiveVersion = 1;
	classes = {
	};
	objectVersion = 46;
	objects = {

/* Begin PBXBuildFile section */
		482E24BE1B4B09DB003F1C6A /* main.m in Sources */ = {isa = PBXBuildFile; fileRef = 482E24BD1B4B09DB003F1C6A /* main.m */; };
		482E24C11B4B09DB003F1C6A /* AppDelegate.m in Sources */ = {isa = PBXBuildFile; fileRef = 482E24C01B4B09DB003F1C6A /* AppDelegate.m */; };
		482E24C41B4B09DB003F1C6A /* ViewController.m in Sources */ = {isa = PBXBuildFile; fileRef = 482E24C31B4B09DB003F1C6A /* ViewController.m */; };
		482E24C71B4B09DB003F1C6A /* Main.storyboard in Resources */ = {isa = PBXBuildFile; fileRef = 482E24C51B4B09DB003F1C6A /* Main.storyboard */; };
		482E24C91B4B09DB003F1C6A /* Images.xcassets in Resources */ = {isa = PBXBuildFile; fileRef = 482E24C81B4B09DB003F1C6A /* Images.xcassets */; };
		482E24CC1B4B09DB003F1C6A /* LaunchScreen.xib in Resources */ = {isa = PBXBuildFile; fileRef = 482E24CA1B4B09DB003F1C6A /* LaunchScreen.xib */; };
		482E24D81B4B09DB003F1C6A /* NgrainVirtualTourTests.m in Sources */ = {isa = PBXBuildFile; fileRef = 482E24D71B4B09DB003F1C6A /* NgrainVirtualTourTests.m */; };
/* End PBXBuildFile section */

/* Begin PBXContainerItemProxy section */
		482E24D21B4B09DB003F1C6A /* PBXContainerItemProxy */ = {
			isa = PBXContainerItemProxy;
			containerPortal = 482E24B01B4B09DB003F1C6A /* Project object */;
			proxyType = 1;
			remoteGlobalIDString = 482E24B71B4B09DB003F1C6A;
			remoteInfo = NgrainVirtualTour;
		};
/* End PBXContainerItemProxy section */

/* Begin PBXFileReference section */
		482E24B81B4B09DB003F1C6A /* NgrainVirtualTour.app */ = {isa = PBXFileReference; explicitFileType = wrapper.application; includeInIndex = 0; path = NgrainVirtualTour.app; sourceTree = BUILT_PRODUCTS_DIR; };
		482E24BC1B4B09DB003F1C6A /* Info.plist */ = {isa = PBXFileReference; lastKnownFileType = text.plist.xml; path = Info.plist; sourceTree = "<group>"; };
		482E24BD1B4B09DB003F1C6A /* main.m */ = {isa = PBXFileReference; lastKnownFileType = sourcecode.c.objc; path = main.m; sourceTree = "<group>"; };
		482E24BF1B4B09DB003F1C6A /* AppDelegate.h */ = {isa = PBXFileReference; lastKnownFileType = sourcecode.c.h; path = AppDelegate.h; sourceTree = "<group>"; };
		482E24C01B4B09DB003F1C6A /* AppDelegate.m */ = {isa = PBXFileReference; lastKnownFileType = sourcecode.c.objc; path = AppDelegate.m; sourceTree = "<group>"; };
		482E24C21B4B09DB003F1C6A /* ViewController.h */ = {isa = PBXFileReference; lastKnownFileType = sourcecode.c.h; path = ViewController.h; sourceTree = "<group>"; };
		482E24C31B4B09DB003F1C6A /* ViewController.m */ = {isa = PBXFileReference; lastKnownFileType = sourcecode.c.objc; path = ViewController.m; sourceTree = "<group>"; };
		482E24C61B4B09DB003F1C6A /* Base */ = {isa = PBXFileReference; lastKnownFileType = file.storyboard; name = Base; path = Base.lproj/Main.storyboard; sourceTree = "<group>"; };
		482E24C81B4B09DB003F1C6A /* Images.xcassets */ = {isa = PBXFileReference; lastKnownFileType = folder.assetcatalog; path = Images.xcassets; sourceTree = "<group>"; };
		482E24CB1B4B09DB003F1C6A /* Base */ = {isa = PBXFileReference; lastKnownFileType = file.xib; name = Base; path = Base.lproj/LaunchScreen.xib; sourceTree = "<group>"; };
		482E24D11B4B09DB003F1C6A /* NgrainVirtualTourTests.xctest */ = {isa = PBXFileReference; explicitFileType = wrapper.cfbundle; includeInIndex = 0; path = NgrainVirtualTourTests.xctest; sourceTree = BUILT_PRODUCTS_DIR; };
		482E24D61B4B09DB003F1C6A /* Info.plist */ = {isa = PBXFileReference; lastKnownFileType = text.plist.xml; path = Info.plist; sourceTree = "<group>"; };
		482E24D71B4B09DB003F1C6A /* NgrainVirtualTourTests.m */ = {isa = PBXFileReference; lastKnownFileType = sourcecode.c.objc; path = NgrainVirtualTourTests.m; sourceTree = "<group>"; };
/* End PBXFileReference section */

/* Begin PBXFrameworksBuildPhase section */
		482E24B51B4B09DB003F1C6A /* Frameworks */ = {
			isa = PBXFrameworksBuildPhase;
			buildActionMask = 2147483647;
			files = (
			);
			runOnlyForDeploymentPostprocessing = 0;
		};
		482E24CE1B4B09DB003F1C6A /* Frameworks */ = {
			isa = PBXFrameworksBuildPhase;
			buildActionMask = 2147483647;
			files = (
			);
			runOnlyForDeploymentPostprocessing = 0;
		};
/* End PBXFrameworksBuildPhase section */

/* Begin PBXGroup section */
		482E24AF1B4B09DB003F1C6A = {
			isa = PBXGroup;
			children = (
				482E24BA1B4B09DB003F1C6A /* NgrainVirtualTour */,
				482E24D41B4B09DB003F1C6A /* NgrainVirtualTourTests */,
				482E24B91B4B09DB003F1C6A /* Products */,
			);
			sourceTree = "<group>";
		};
		482E24B91B4B09DB003F1C6A /* Products */ = {
			isa = PBXGroup;
			children = (
				482E24B81B4B09DB003F1C6A /* NgrainVirtualTour.app */,
				482E24D11B4B09DB003F1C6A /* NgrainVirtualTourTests.xctest */,
			);
			name = Products;
			sourceTree = "<group>";
		};
		482E24BA1B4B09DB003F1C6A /* NgrainVirtualTour */ = {
			isa = PBXGroup;
			children = (
				482E24BF1B4B09DB003F1C6A /* AppDelegate.h */,
				482E24C01B4B09DB003F1C6A /* AppDelegate.m */,
				482E24C21B4B09DB003F1C6A /* ViewController.h */,
				482E24C31B4B09DB003F1C6A /* ViewController.m */,
				482E24C51B4B09DB003F1C6A /* Main.storyboard */,
				482E24C81B4B09DB003F1C6A /* Images.xcassets */,
				482E24CA1B4B09DB003F1C6A /* LaunchScreen.xib */,
				482E24BB1B4B09DB003F1C6A /* Supporting Files */,
			);
			path = NgrainVirtualTour;
			sourceTree = "<group>";
		};
		482E24BB1B4B09DB003F1C6A /* Supporting Files */ = {
			isa = PBXGroup;
			children = (
				482E24BC1B4B09DB003F1C6A /* Info.plist */,
				482E24BD1B4B09DB003F1C6A /* main.m */,
			);
			name = "Supporting Files";
			sourceTree = "<group>";
		};
		482E24D41B4B09DB003F1C6A /* NgrainVirtualTourTests */ = {
			isa = PBXGroup;
			children = (
				482E24D71B4B09DB003F1C6A /* NgrainVirtualTourTests.m */,
				482E24D51B4B09DB003F1C6A /* Supporting Files */,
			);
			path = NgrainVirtualTourTests;
			sourceTree = "<group>";
		};
		482E24D51B4B09DB003F1C6A /* Supporting Files */ = {
			isa = PBXGroup;
			children = (
				482E24D61B4B09DB003F1C6A /* Info.plist */,
			);
			name = "Supporting Files";
			sourceTree = "<group>";
		};
/* End PBXGroup section */

/* Begin PBXNativeTarget section */
		482E24B71B4B09DB003F1C6A /* NgrainVirtualTour */ = {
			isa = PBXNativeTarget;
			buildConfigurationList = 482E24DB1B4B09DB003F1C6A /* Build configuration list for PBXNativeTarget "NgrainVirtualTour" */;
			buildPhases = (
				482E24B41B4B09DB003F1C6A /* Sources */,
				482E24B51B4B09DB003F1C6A /* Frameworks */,
				482E24B61B4B09DB003F1C6A /* Resources */,
			);
			buildRules = (
			);
			dependencies = (
			);
			name = NgrainVirtualTour;
			productName = NgrainVirtualTour;
			productReference = 482E24B81B4B09DB003F1C6A /* NgrainVirtualTour.app */;
			productType = "com.apple.product-type.application";
		};
		482E24D01B4B09DB003F1C6A /* NgrainVirtualTourTests */ = {
			isa = PBXNativeTarget;
			buildConfigurationList = 482E24DE1B4B09DB003F1C6A /* Build configuration list for PBXNativeTarget "NgrainVirtualTourTests" */;
			buildPhases = (
				482E24CD1B4B09DB003F1C6A /* Sources */,
				482E24CE1B4B09DB003F1C6A /* Frameworks */,
				482E24CF1B4B09DB003F1C6A /* Resources */,
			);
			buildRules = (
			);
			dependencies = (
				482E24D31B4B09DB003F1C6A /* PBXTargetDependency */,
			);
			name = NgrainVirtualTourTests;
			productName = NgrainVirtualTourTests;
			productReference = 482E24D11B4B09DB003F1C6A /* NgrainVirtualTourTests.xctest */;
			productType = "com.apple.product-type.bundle.unit-test";
		};
/* End PBXNativeTarget section */

/* Begin PBXProject section */
		482E24B01B4B09DB003F1C6A /* Project object */ = {
			isa = PBXProject;
			attributes = {
				LastUpgradeCheck = 0630;
				ORGANIZATIONNAME = "Shoaib Khan";
				TargetAttributes = {
					482E24B71B4B09DB003F1C6A = {
						CreatedOnToolsVersion = 6.3.2;
					};
					482E24D01B4B09DB003F1C6A = {
						CreatedOnToolsVersion = 6.3.2;
						TestTargetID = 482E24B71B4B09DB003F1C6A;
					};
				};
			};
			buildConfigurationList = 482E24B31B4B09DB003F1C6A /* Build configuration list for PBXProject "NgrainVirtualTour" */;
			compatibilityVersion = "Xcode 3.2";
			developmentRegion = English;
			hasScannedForEncodings = 0;
			knownRegions = (
				en,
				Base,
			);
			mainGroup = 482E24AF1B4B09DB003F1C6A;
			productRefGroup = 482E24B91B4B09DB003F1C6A /* Products */;
			projectDirPath = "";
			projectRoot = "";
			targets = (
				482E24B71B4B09DB003F1C6A /* NgrainVirtualTour */,
				482E24D01B4B09DB003F1C6A /* NgrainVirtualTourTests */,
			);
		};
/* End PBXProject section */

/* Begin PBXResourcesBuildPhase section */
		482E24B61B4B09DB003F1C6A /* Resources */ = {
			isa = PBXResourcesBuildPhase;
			buildActionMask = 2147483647;
			files = (
				482E24C71B4B09DB003F1C6A /* Main.storyboard in Resources */,
				482E24CC1B4B09DB003F1C6A /* LaunchScreen.xib in Resources */,
				482E24C91B4B09DB003F1C6A /* Images.xcassets in Resources */,
			);
			runOnlyForDeploymentPostprocessing = 0;
		};
		482E24CF1B4B09DB003F1C6A /* Resources */ = {
			isa = PBXResourcesBuildPhase;
			buildActionMask = 2147483647;
			files = (
			);
			runOnlyForDeploymentPostprocessing = 0;
		};
/* End PBXResourcesBuildPhase section */

/* Begin PBXSourcesBuildPhase section */
		482E24B41B4B09DB003F1C6A /* Sources */ = {
			isa = PBXSourcesBuildPhase;
			buildActionMask = 2147483647;
			files = (
				482E24C41B4B09DB003F1C6A /* ViewController.m in Sources */,
				482E24C11B4B09DB003F1C6A /* AppDelegate.m in Sources */,
				482E24BE1B4B09DB003F1C6A /* main.m in Sources */,
			);
			runOnlyForDeploymentPostprocessing = 0;
		};
		482E24CD1B4B09DB003F1C6A /* Sources */ = {
			isa = PBXSourcesBuildPhase;
			buildActionMask = 2147483647;
			files = (
				482E24D81B4B09DB003F1C6A /* NgrainVirtualTourTests.m in Sources */,
			);
			runOnlyForDeploymentPostprocessing = 0;
		};
/* End PBXSourcesBuildPhase section */

/* Begin PBXTargetDependency section */
		482E24D31B4B09DB003F1C6A /* PBXTargetDependency */ = {
			isa = PBXTargetDependency;
			target = 482E24B71B4B09DB003F1C6A /* NgrainVirtualTour */;
			targetProxy = 482E24D21B4B09DB003F1C6A /* PBXContainerItemProxy */;
		};
/* End PBXTargetDependency section */

/* Begin PBXVariantGroup section */
		482E24C51B4B09DB003F1C6A /* Main.storyboard */ = {
			isa = PBXVariantGroup;
			children = (
				482E24C61B4B09DB003F1C6A /* Base */,
			);
			name = Main.storyboard;
			sourceTree = "<group>";
		};
		482E24CA1B4B09DB003F1C6A /* LaunchScreen.xib */ = {
			isa = PBXVariantGroup;
			children = (
				482E24CB1B4B09DB003F1C6A /* Base */,
			);
			name = LaunchScreen.xib;
			sourceTree = "<group>";
		};
/* End PBXVariantGroup section */

/* Begin XCBuildConfiguration section */
		482E24D91B4B09DB003F1C6A /* Debug */ = {
			isa = XCBuildConfiguration;
			buildSettings = {
				ALWAYS_SEARCH_USER_PATHS = NO;
				CLANG_CXX_LANGUAGE_STANDARD = "gnu++0x";
				CLANG_CXX_LIBRARY = "libc++";
				CLANG_ENABLE_MODULES = YES;
				CLANG_ENABLE_OBJC_ARC = YES;
				CLANG_WARN_BOOL_CONVERSION = YES;
				CLANG_WARN_CONSTANT_CONVERSION = YES;
				CLANG_WARN_DIRECT_OBJC_ISA_USAGE = YES_ERROR;
				CLANG_WARN_EMPTY_BODY = YES;
				CLANG_WARN_ENUM_CONVERSION = YES;
				CLANG_WARN_INT_CONVERSION = YES;
				CLANG_WARN_OBJC_ROOT_CLASS = YES_ERROR;
				CLANG_WARN_UNREACHABLE_CODE = YES;
				CLANG_WARN__DUPLICATE_METHOD_MATCH = YES;
				"CODE_SIGN_IDENTITY[sdk=iphoneos*]" = "iPhone Developer";
				COPY_PHASE_STRIP = NO;
				DEBUG_INFORMATION_FORMAT = "dwarf-with-dsym";
				ENABLE_STRICT_OBJC_MSGSEND = YES;
				GCC_C_LANGUAGE_STANDARD = gnu99;
				GCC_DYNAMIC_NO_PIC = NO;
				GCC_NO_COMMON_BLOCKS = YES;
				GCC_OPTIMIZATION_LEVEL = 0;
				GCC_PREPROCESSOR_DEFINITIONS = (
					"DEBUG=1",
					"$(inherited)",
				);
				GCC_SYMBOLS_PRIVATE_EXTERN = NO;
				GCC_WARN_64_TO_32_BIT_CONVERSION = YES;
				GCC_WARN_ABOUT_RETURN_TYPE = YES_ERROR;
				GCC_WARN_UNDECLARED_SELECTOR = YES;
				GCC_WARN_UNINITIALIZED_AUTOS = YES_AGGRESSIVE;
				GCC_WARN_UNUSED_FUNCTION = YES;
				GCC_WARN_UNUSED_VARIABLE = YES;
				IPHONEOS_DEPLOYMENT_TARGET = 8.3;
				MTL_ENABLE_DEBUG_INFO = YES;
				ONLY_ACTIVE_ARCH = YES;
				SDKROOT = iphoneos;
				TARGETED_DEVICE_FAMILY = 2;
			};
			name = Debug;
		};
		482E24DA1B4B09DB003F1C6A /* Release */ = {
			isa = XCBuildConfiguration;
			buildSettings = {
				ALWAYS_SEARCH_USER_PATHS = NO;
				CLANG_CXX_LANGUAGE_STANDARD = "gnu++0x";
				CLANG_CXX_LIBRARY = "libc++";
				CLANG_ENABLE_MODULES = YES;
				CLANG_ENABLE_OBJC_ARC = YES;
				CLANG_WARN_BOOL_CONVERSION = YES;
				CLANG_WARN_CONSTANT_CONVERSION = YES;
				CLANG_WARN_DIRECT_OBJC_ISA_USAGE = YES_ERROR;
				CLANG_WARN_EMPTY_BODY = YES;
				CLANG_WARN_ENUM_CONVERSION = YES;
				CLANG_WARN_INT_CONVERSION = YES;
				CLANG_WARN_OBJC_ROOT_CLASS = YES_ERROR;
				CLANG_WARN_UNREACHABLE_CODE = YES;
				CLANG_WARN__DUPLICATE_METHOD_MATCH = YES;
				"CODE_SIGN_IDENTITY[sdk=iphoneos*]" = "iPhone Developer";
				COPY_PHASE_STRIP = NO;
				DEBUG_INFORMATION_FORMAT = "dwarf-with-dsym";
				ENABLE_NS_ASSERTIONS = NO;
				ENABLE_STRICT_OBJC_MSGSEND = YES;
				GCC_C_LANGUAGE_STANDARD = gnu99;
				GCC_NO_COMMON_BLOCKS = YES;
				GCC_WARN_64_TO_32_BIT_CONVERSION = YES;
				GCC_WARN_ABOUT_RETURN_TYPE = YES_ERROR;
				GCC_WARN_UNDECLARED_SELECTOR = YES;
				GCC_WARN_UNINITIALIZED_AUTOS = YES_AGGRESSIVE;
				GCC_WARN_UNUSED_FUNCTION = YES;
				GCC_WARN_UNUSED_VARIABLE = YES;
				IPHONEOS_DEPLOYMENT_TARGET = 8.3;
				MTL_ENABLE_DEBUG_INFO = NO;
				SDKROOT = iphoneos;
				TARGETED_DEVICE_FAMILY = 2;
				VALIDATE_PRODUCT = YES;
			};
			name = Release;
		};
		482E24DC1B4B09DB003F1C6A /* Debug */ = {
			isa = XCBuildConfiguration;
			buildSettings = {
				ASSETCATALOG_COMPILER_APPICON_NAME = AppIcon;
				INFOPLIST_FILE = NgrainVirtualTour/Info.plist;
				LD_RUNPATH_SEARCH_PATHS = "$(inherited) @executable_path/Frameworks";
				PRODUCT_NAME = "$(TARGET_NAME)";
			};
			name = Debug;
		};
		482E24DD1B4B09DB003F1C6A /* Release */ = {
			isa = XCBuildConfiguration;
			buildSettings = {
				ASSETCATALOG_COMPILER_APPICON_NAME = AppIcon;
				INFOPLIST_FILE = NgrainVirtualTour/Info.plist;
				LD_RUNPATH_SEARCH_PATHS = "$(inherited) @executable_path/Frameworks";
				PRODUCT_NAME = "$(TARGET_NAME)";
			};
			name = Release;
		};
		482E24DF1B4B09DB003F1C6A /* Debug */ = {
			isa = XCBuildConfiguration;
			buildSettings = {
				BUNDLE_LOADER = "$(TEST_HOST)";
				FRAMEWORK_SEARCH_PATHS = (
					"$(SDKROOT)/Developer/Library/Frameworks",
					"$(inherited)",
				);
				GCC_PREPROCESSOR_DEFINITIONS = (
					"DEBUG=1",
					"$(inherited)",
				);
				INFOPLIST_FILE = NgrainVirtualTourTests/Info.plist;
				LD_RUNPATH_SEARCH_PATHS = "$(inherited) @executable_path/Frameworks @loader_path/Frameworks";
				PRODUCT_NAME = "$(TARGET_NAME)";
				TEST_HOST = "$(BUILT_PRODUCTS_DIR)/NgrainVirtualTour.app/NgrainVirtualTour";
			};
			name = Debug;
		};
		482E24E01B4B09DB003F1C6A /* Release */ = {
			isa = XCBuildConfiguration;
			buildSettings = {
				BUNDLE_LOADER = "$(TEST_HOST)";
				FRAMEWORK_SEARCH_PATHS = (
					"$(SDKROOT)/Developer/Library/Frameworks",
					"$(inherited)",
				);
				INFOPLIST_FILE = NgrainVirtualTourTests/Info.plist;
				LD_RUNPATH_SEARCH_PATHS = "$(inherited) @executable_path/Frameworks @loader_path/Frameworks";
				PRODUCT_NAME = "$(TARGET_NAME)";
				TEST_HOST = "$(BUILT_PRODUCTS_DIR)/NgrainVirtualTour.app/NgrainVirtualTour";
			};
			name = Release;
		};
/* End XCBuildConfiguration section */

/* Begin XCConfigurationList section */
		482E24B31B4B09DB003F1C6A /* Build configuration list for PBXProject "NgrainVirtualTour" */ = {
			isa = XCConfigurationList;
			buildConfigurations = (
				482E24D91B4B09DB003F1C6A /* Debug */,
				482E24DA1B4B09DB003F1C6A /* Release */,
			);
			defaultConfigurationIsVisible = 0;
			defaultConfigurationName = Release;
		};
		482E24DB1B4B09DB003F1C6A /* Build configuration list for PBXNativeTarget "NgrainVirtualTour" */ = {
			isa = XCConfigurationList;
			buildConfigurations = (
				482E24DC1B4B09DB003F1C6A /* Debug */,
				482E24DD1B4B09DB003F1C6A /* Release */,
			);
			defaultConfigurationIsVisible = 0;
		};
		482E24DE1B4B09DB003F1C6A /* Build configuration list for PBXNativeTarget "NgrainVirtualTourTests" */ = {
			isa = XCConfigurationList;
			buildConfigurations = (
				482E24DF1B4B09DB003F1C6A /* Debug */,
				482E24E01B4B09DB003F1C6A /* Release */,
			);
			defaultConfigurationIsVisible = 0;
		};
/* End XCConfigurationList section */
	};
	rootObject = 482E24B01B4B09DB003F1C6A /* Project object */;
}
